// !$*UTF8*$!
{
	archiveVersion = 1;
	classes = {
	};
	objectVersion = 56;
	objects = {

/* Begin PBXBuildFile section */
		85753B7B2C80A9B600C924E0 /* AppDelegate.swift in Sources */ = {isa = PBXBuildFile; fileRef = 85753B7A2C80A9B600C924E0 /* AppDelegate.swift */; };
		85753B7D2C80A9B600C924E0 /* SceneDelegate.swift in Sources */ = {isa = PBXBuildFile; fileRef = 85753B7C2C80A9B600C924E0 /* SceneDelegate.swift */; };
		85753B7F2C80A9B600C924E0 /* MainViewController.swift in Sources */ = {isa = PBXBuildFile; fileRef = 85753B7E2C80A9B600C924E0 /* MainViewController.swift */; };
		85753B822C80A9B600C924E0 /* Base in Resources */ = {isa = PBXBuildFile; fileRef = 85753B812C80A9B600C924E0 /* Base */; };
		85753B842C80A9BA00C924E0 /* Assets.xcassets in Resources */ = {isa = PBXBuildFile; fileRef = 85753B832C80A9BA00C924E0 /* Assets.xcassets */; };
		85753B872C80A9BA00C924E0 /* Base in Resources */ = {isa = PBXBuildFile; fileRef = 85753B862C80A9BA00C924E0 /* Base */; };
		85753B8F2C80AA9F00C924E0 /* GameViewController.swift in Sources */ = {isa = PBXBuildFile; fileRef = 85753B8E2C80AA9F00C924E0 /* GameViewController.swift */; };
		85753B912C80AAD600C924E0 /* ResultViewController.swift in Sources */ = {isa = PBXBuildFile; fileRef = 85753B902C80AAD600C924E0 /* ResultViewController.swift */; };
		85753B932C80ADB000C924E0 /* LocationManager.swift in Sources */ = {isa = PBXBuildFile; fileRef = 85753B922C80ADB000C924E0 /* LocationManager.swift */; };
		85753B952C80ADCD00C924E0 /* GameLogic.swift in Sources */ = {isa = PBXBuildFile; fileRef = 85753B942C80ADCD00C924E0 /* GameLogic.swift */; };
		85753B972C80ADDE00C924E0 /* Card.swift in Sources */ = {isa = PBXBuildFile; fileRef = 85753B962C80ADDE00C924E0 /* Card.swift */; };
		85753B9C2C81068C00C924E0 /* FirebaseAnalytics in Frameworks */ = {isa = PBXBuildFile; productRef = 85753B9B2C81068C00C924E0 /* FirebaseAnalytics */; };
		85753B9E2C81068C00C924E0 /* FirebaseAnalyticsOnDeviceConversion in Frameworks */ = {isa = PBXBuildFile; productRef = 85753B9D2C81068C00C924E0 /* FirebaseAnalyticsOnDeviceConversion */; };
		85753BA02C81068C00C924E0 /* FirebaseAnalyticsWithoutAdIdSupport in Frameworks */ = {isa = PBXBuildFile; productRef = 85753B9F2C81068C00C924E0 /* FirebaseAnalyticsWithoutAdIdSupport */; };
		85753BA22C81068C00C924E0 /* FirebaseAppCheck in Frameworks */ = {isa = PBXBuildFile; productRef = 85753BA12C81068C00C924E0 /* FirebaseAppCheck */; };
		85753BA42C81068C00C924E0 /* FirebaseAppDistribution-Beta in Frameworks */ = {isa = PBXBuildFile; productRef = 85753BA32C81068C00C924E0 /* FirebaseAppDistribution-Beta */; };
		85753BA62C81096500C924E0 /* FirebaseFirestore in Frameworks */ = {isa = PBXBuildFile; productRef = 85753BA52C81096500C924E0 /* FirebaseFirestore */; };
/* End PBXBuildFile section */

/* Begin PBXFileReference section */
		85753B772C80A9B600C924E0 /* cardGame.app */ = {isa = PBXFileReference; explicitFileType = wrapper.application; includeInIndex = 0; path = cardGame.app; sourceTree = BUILT_PRODUCTS_DIR; };
		85753B7A2C80A9B600C924E0 /* AppDelegate.swift */ = {isa = PBXFileReference; lastKnownFileType = sourcecode.swift; path = AppDelegate.swift; sourceTree = "<group>"; };
		85753B7C2C80A9B600C924E0 /* SceneDelegate.swift */ = {isa = PBXFileReference; lastKnownFileType = sourcecode.swift; path = SceneDelegate.swift; sourceTree = "<group>"; };
		85753B7E2C80A9B600C924E0 /* MainViewController.swift */ = {isa = PBXFileReference; lastKnownFileType = sourcecode.swift; path = MainViewController.swift; sourceTree = "<group>"; };
		85753B812C80A9B600C924E0 /* Base */ = {isa = PBXFileReference; lastKnownFileType = file.storyboard; name = Base; path = Base.lproj/Main.storyboard; sourceTree = "<group>"; };
		85753B832C80A9BA00C924E0 /* Assets.xcassets */ = {isa = PBXFileReference; lastKnownFileType = folder.assetcatalog; path = Assets.xcassets; sourceTree = "<group>"; };
		85753B862C80A9BA00C924E0 /* Base */ = {isa = PBXFileReference; lastKnownFileType = file.storyboard; name = Base; path = Base.lproj/LaunchScreen.storyboard; sourceTree = "<group>"; };
		85753B882C80A9BA00C924E0 /* Info.plist */ = {isa = PBXFileReference; lastKnownFileType = text.plist.xml; path = Info.plist; sourceTree = "<group>"; };
		85753B8E2C80AA9F00C924E0 /* GameViewController.swift */ = {isa = PBXFileReference; lastKnownFileType = sourcecode.swift; path = GameViewController.swift; sourceTree = "<group>"; };
		85753B902C80AAD600C924E0 /* ResultViewController.swift */ = {isa = PBXFileReference; lastKnownFileType = sourcecode.swift; path = ResultViewController.swift; sourceTree = "<group>"; };
		85753B922C80ADB000C924E0 /* LocationManager.swift */ = {isa = PBXFileReference; lastKnownFileType = sourcecode.swift; path = LocationManager.swift; sourceTree = "<group>"; };
		85753B942C80ADCD00C924E0 /* GameLogic.swift */ = {isa = PBXFileReference; lastKnownFileType = sourcecode.swift; path = GameLogic.swift; sourceTree = "<group>"; };
		85753B962C80ADDE00C924E0 /* Card.swift */ = {isa = PBXFileReference; lastKnownFileType = sourcecode.swift; path = Card.swift; sourceTree = "<group>"; };
/* End PBXFileReference section */

/* Begin PBXFrameworksBuildPhase section */
		85753B742C80A9B600C924E0 /* Frameworks */ = {
			isa = PBXFrameworksBuildPhase;
			buildActionMask = 2147483647;
			files = (
				85753B9C2C81068C00C924E0 /* FirebaseAnalytics in Frameworks */,
				85753B9E2C81068C00C924E0 /* FirebaseAnalyticsOnDeviceConversion in Frameworks */,
				85753BA22C81068C00C924E0 /* FirebaseAppCheck in Frameworks */,
				85753BA02C81068C00C924E0 /* FirebaseAnalyticsWithoutAdIdSupport in Frameworks */,
				85753BA42C81068C00C924E0 /* FirebaseAppDistribution-Beta in Frameworks */,
				85753BA62C81096500C924E0 /* FirebaseFirestore in Frameworks */,
			);
			runOnlyForDeploymentPostprocessing = 0;
		};
/* End PBXFrameworksBuildPhase section */

/* Begin PBXGroup section */
		85753B6E2C80A9B600C924E0 = {
			isa = PBXGroup;
			children = (
				85753B792C80A9B600C924E0 /* cardGame */,
				85753B782C80A9B600C924E0 /* Products */,
			);
			sourceTree = "<group>";
		};
		85753B782C80A9B600C924E0 /* Products */ = {
			isa = PBXGroup;
			children = (
				85753B772C80A9B600C924E0 /* cardGame.app */,
			);
			name = Products;
			sourceTree = "<group>";
		};
		85753B792C80A9B600C924E0 /* cardGame */ = {
			isa = PBXGroup;
			children = (
				85753B7A2C80A9B600C924E0 /* AppDelegate.swift */,
				85753B7C2C80A9B600C924E0 /* SceneDelegate.swift */,
				85753B7E2C80A9B600C924E0 /* MainViewController.swift */,
				85753B8E2C80AA9F00C924E0 /* GameViewController.swift */,
				85753B902C80AAD600C924E0 /* ResultViewController.swift */,
				85753B802C80A9B600C924E0 /* Main.storyboard */,
				85753B832C80A9BA00C924E0 /* Assets.xcassets */,
				85753B852C80A9BA00C924E0 /* LaunchScreen.storyboard */,
				85753B882C80A9BA00C924E0 /* Info.plist */,
				85753B922C80ADB000C924E0 /* LocationManager.swift */,
				85753B942C80ADCD00C924E0 /* GameLogic.swift */,
				85753B962C80ADDE00C924E0 /* Card.swift */,
			);
			path = cardGame;
			sourceTree = "<group>";
		};
/* End PBXGroup section */

/* Begin PBXNativeTarget section */
		85753B762C80A9B600C924E0 /* cardGame */ = {
			isa = PBXNativeTarget;
			buildConfigurationList = 85753B8B2C80A9BA00C924E0 /* Build configuration list for PBXNativeTarget "cardGame" */;
			buildPhases = (
				85753B732C80A9B600C924E0 /* Sources */,
				85753B742C80A9B600C924E0 /* Frameworks */,
				85753B752C80A9B600C924E0 /* Resources */,
			);
			buildRules = (
			);
			dependencies = (
			);
			name = cardGame;
			packageProductDependencies = (
				85753B9B2C81068C00C924E0 /* FirebaseAnalytics */,
				85753B9D2C81068C00C924E0 /* FirebaseAnalyticsOnDeviceConversion */,
				85753B9F2C81068C00C924E0 /* FirebaseAnalyticsWithoutAdIdSupport */,
				85753BA12C81068C00C924E0 /* FirebaseAppCheck */,
				85753BA32C81068C00C924E0 /* FirebaseAppDistribution-Beta */,
				85753BA52C81096500C924E0 /* FirebaseFirestore */,
			);
			productName = cardGame;
			productReference = 85753B772C80A9B600C924E0 /* cardGame.app */;
			productType = "com.apple.product-type.application";
		};
/* End PBXNativeTarget section */

/* Begin PBXProject section */
		85753B6F2C80A9B600C924E0 /* Project object */ = {
			isa = PBXProject;
			attributes = {
				BuildIndependentTargetsInParallel = 1;
				LastSwiftUpdateCheck = 1540;
				LastUpgradeCheck = 1540;
				TargetAttributes = {
					85753B762C80A9B600C924E0 = {
						CreatedOnToolsVersion = 15.4;
					};
				};
			};
			buildConfigurationList = 85753B722C80A9B600C924E0 /* Build configuration list for PBXProject "cardGame" */;
			compatibilityVersion = "Xcode 14.0";
			developmentRegion = en;
			hasScannedForEncodings = 0;
			knownRegions = (
				en,
				Base,
			);
			mainGroup = 85753B6E2C80A9B600C924E0;
			packageReferences = (
				85753B9A2C80FEAF00C924E0 /* XCRemoteSwiftPackageReference "firebase-ios-sdk" */,
			);
			productRefGroup = 85753B782C80A9B600C924E0 /* Products */;
			projectDirPath = "";
			projectRoot = "";
			targets = (
				85753B762C80A9B600C924E0 /* cardGame */,
			);
		};
/* End PBXProject section */

/* Begin PBXResourcesBuildPhase section */
		85753B752C80A9B600C924E0 /* Resources */ = {
			isa = PBXResourcesBuildPhase;
			buildActionMask = 2147483647;
			files = (
				85753B842C80A9BA00C924E0 /* Assets.xcassets in Resources */,
				85753B872C80A9BA00C924E0 /* Base in Resources */,
				85753B822C80A9B600C924E0 /* Base in Resources */,
			);
			runOnlyForDeploymentPostprocessing = 0;
		};
/* End PBXResourcesBuildPhase section */

/* Begin PBXSourcesBuildPhase section */
		85753B732C80A9B600C924E0 /* Sources */ = {
			isa = PBXSourcesBuildPhase;
			buildActionMask = 2147483647;
			files = (
				85753B912C80AAD600C924E0 /* ResultViewController.swift in Sources */,
				85753B8F2C80AA9F00C924E0 /* GameViewController.swift in Sources */,
				85753B932C80ADB000C924E0 /* LocationManager.swift in Sources */,
				85753B7F2C80A9B600C924E0 /* MainViewController.swift in Sources */,
				85753B7B2C80A9B600C924E0 /* AppDelegate.swift in Sources */,
				85753B7D2C80A9B600C924E0 /* SceneDelegate.swift in Sources */,
				85753B952C80ADCD00C924E0 /* GameLogic.swift in Sources */,
				85753B972C80ADDE00C924E0 /* Card.swift in Sources */,
			);
			runOnlyForDeploymentPostprocessing = 0;
		};
/* End PBXSourcesBuildPhase section */

/* Begin PBXVariantGroup section */
		85753B802C80A9B600C924E0 /* Main.storyboard */ = {
			isa = PBXVariantGroup;
			children = (
				85753B812C80A9B600C924E0 /* Base */,
			);
			name = Main.storyboard;
			sourceTree = "<group>";
		};
		85753B852C80A9BA00C924E0 /* LaunchScreen.storyboard */ = {
			isa = PBXVariantGroup;
			children = (
				85753B862C80A9BA00C924E0 /* Base */,
			);
			name = LaunchScreen.storyboard;
			sourceTree = "<group>";
		};
/* End PBXVariantGroup section */

/* Begin XCBuildConfiguration section */
		85753B892C80A9BA00C924E0 /* Debug */ = {
			isa = XCBuildConfiguration;
			buildSettings = {
				ALWAYS_SEARCH_USER_PATHS = NO;
				ASSETCATALOG_COMPILER_GENERATE_SWIFT_ASSET_SYMBOL_EXTENSIONS = YES;
				CLANG_ANALYZER_NONNULL = YES;
				CLANG_ANALYZER_NUMBER_OBJECT_CONVERSION = YES_AGGRESSIVE;
				CLANG_CXX_LANGUAGE_STANDARD = "gnu++20";
				CLANG_ENABLE_MODULES = YES;
				CLANG_ENABLE_OBJC_ARC = YES;
				CLANG_ENABLE_OBJC_WEAK = YES;
				CLANG_WARN_BLOCK_CAPTURE_AUTORELEASING = YES;
				CLANG_WARN_BOOL_CONVERSION = YES;
				CLANG_WARN_COMMA = YES;
				CLANG_WARN_CONSTANT_CONVERSION = YES;
				CLANG_WARN_DEPRECATED_OBJC_IMPLEMENTATIONS = YES;
				CLANG_WARN_DIRECT_OBJC_ISA_USAGE = YES_ERROR;
				CLANG_WARN_DOCUMENTATION_COMMENTS = YES;
				CLANG_WARN_EMPTY_BODY = YES;
				CLANG_WARN_ENUM_CONVERSION = YES;
				CLANG_WARN_INFINITE_RECURSION = YES;
				CLANG_WARN_INT_CONVERSION = YES;
				CLANG_WARN_NON_LITERAL_NULL_CONVERSION = YES;
				CLANG_WARN_OBJC_IMPLICIT_RETAIN_SELF = YES;
				CLANG_WARN_OBJC_LITERAL_CONVERSION = YES;
				CLANG_WARN_OBJC_ROOT_CLASS = YES_ERROR;
				CLANG_WARN_QUOTED_INCLUDE_IN_FRAMEWORK_HEADER = YES;
				CLANG_WARN_RANGE_LOOP_ANALYSIS = YES;
				CLANG_WARN_STRICT_PROTOTYPES = YES;
				CLANG_WARN_SUSPICIOUS_MOVE = YES;
				CLANG_WARN_UNGUARDED_AVAILABILITY = YES_AGGRESSIVE;
				CLANG_WARN_UNREACHABLE_CODE = YES;
				CLANG_WARN__DUPLICATE_METHOD_MATCH = YES;
				COPY_PHASE_STRIP = NO;
				DEBUG_INFORMATION_FORMAT = dwarf;
				ENABLE_STRICT_OBJC_MSGSEND = YES;
				ENABLE_TESTABILITY = YES;
				ENABLE_USER_SCRIPT_SANDBOXING = YES;
				GCC_C_LANGUAGE_STANDARD = gnu17;
				GCC_DYNAMIC_NO_PIC = NO;
				GCC_NO_COMMON_BLOCKS = YES;
				GCC_OPTIMIZATION_LEVEL = 0;
				GCC_PREPROCESSOR_DEFINITIONS = (
					"DEBUG=1",
					"$(inherited)",
				);
				GCC_WARN_64_TO_32_BIT_CONVERSION = YES;
				GCC_WARN_ABOUT_RETURN_TYPE = YES_ERROR;
				GCC_WARN_UNDECLARED_SELECTOR = YES;
				GCC_WARN_UNINITIALIZED_AUTOS = YES_AGGRESSIVE;
				GCC_WARN_UNUSED_FUNCTION = YES;
				GCC_WARN_UNUSED_VARIABLE = YES;
				IPHONEOS_DEPLOYMENT_TARGET = 17.5;
				LOCALIZATION_PREFERS_STRING_CATALOGS = YES;
				MTL_ENABLE_DEBUG_INFO = INCLUDE_SOURCE;
				MTL_FAST_MATH = YES;
				ONLY_ACTIVE_ARCH = YES;
				SDKROOT = iphoneos;
				SWIFT_ACTIVE_COMPILATION_CONDITIONS = "DEBUG $(inherited)";
				SWIFT_OPTIMIZATION_LEVEL = "-Onone";
			};
			name = Debug;
		};
		85753B8A2C80A9BA00C924E0 /* Release */ = {
			isa = XCBuildConfiguration;
			buildSettings = {
				ALWAYS_SEARCH_USER_PATHS = NO;
				ASSETCATALOG_COMPILER_GENERATE_SWIFT_ASSET_SYMBOL_EXTENSIONS = YES;
				CLANG_ANALYZER_NONNULL = YES;
				CLANG_ANALYZER_NUMBER_OBJECT_CONVERSION = YES_AGGRESSIVE;
				CLANG_CXX_LANGUAGE_STANDARD = "gnu++20";
				CLANG_ENABLE_MODULES = YES;
				CLANG_ENABLE_OBJC_ARC = YES;
				CLANG_ENABLE_OBJC_WEAK = YES;
				CLANG_WARN_BLOCK_CAPTURE_AUTORELEASING = YES;
				CLANG_WARN_BOOL_CONVERSION = YES;
				CLANG_WARN_COMMA = YES;
				CLANG_WARN_CONSTANT_CONVERSION = YES;
				CLANG_WARN_DEPRECATED_OBJC_IMPLEMENTATIONS = YES;
				CLANG_WARN_DIRECT_OBJC_ISA_USAGE = YES_ERROR;
				CLANG_WARN_DOCUMENTATION_COMMENTS = YES;
				CLANG_WARN_EMPTY_BODY = YES;
				CLANG_WARN_ENUM_CONVERSION = YES;
				CLANG_WARN_INFINITE_RECURSION = YES;
				CLANG_WARN_INT_CONVERSION = YES;
				CLANG_WARN_NON_LITERAL_NULL_CONVERSION = YES;
				CLANG_WARN_OBJC_IMPLICIT_RETAIN_SELF = YES;
				CLANG_WARN_OBJC_LITERAL_CONVERSION = YES;
				CLANG_WARN_OBJC_ROOT_CLASS = YES_ERROR;
				CLANG_WARN_QUOTED_INCLUDE_IN_FRAMEWORK_HEADER = YES;
				CLANG_WARN_RANGE_LOOP_ANALYSIS = YES;
				CLANG_WARN_STRICT_PROTOTYPES = YES;
				CLANG_WARN_SUSPICIOUS_MOVE = YES;
				CLANG_WARN_UNGUARDED_AVAILABILITY = YES_AGGRESSIVE;
				CLANG_WARN_UNREACHABLE_CODE = YES;
				CLANG_WARN__DUPLICATE_METHOD_MATCH = YES;
				COPY_PHASE_STRIP = NO;
				DEBUG_INFORMATION_FORMAT = "dwarf-with-dsym";
				ENABLE_NS_ASSERTIONS = NO;
				ENABLE_STRICT_OBJC_MSGSEND = YES;
				ENABLE_USER_SCRIPT_SANDBOXING = YES;
				GCC_C_LANGUAGE_STANDARD = gnu17;
				GCC_NO_COMMON_BLOCKS = YES;
				GCC_WARN_64_TO_32_BIT_CONVERSION = YES;
				GCC_WARN_ABOUT_RETURN_TYPE = YES_ERROR;
				GCC_WARN_UNDECLARED_SELECTOR = YES;
				GCC_WARN_UNINITIALIZED_AUTOS = YES_AGGRESSIVE;
				GCC_WARN_UNUSED_FUNCTION = YES;
				GCC_WARN_UNUSED_VARIABLE = YES;
				IPHONEOS_DEPLOYMENT_TARGET = 17.5;
				LOCALIZATION_PREFERS_STRING_CATALOGS = YES;
				MTL_ENABLE_DEBUG_INFO = NO;
				MTL_FAST_MATH = YES;
				SDKROOT = iphoneos;
				SWIFT_COMPILATION_MODE = wholemodule;
				VALIDATE_PRODUCT = YES;
			};
			name = Release;
		};
		85753B8C2C80A9BA00C924E0 /* Debug */ = {
			isa = XCBuildConfiguration;
			buildSettings = {
				ASSETCATALOG_COMPILER_APPICON_NAME = AppIcon;
				ASSETCATALOG_COMPILER_GLOBAL_ACCENT_COLOR_NAME = AccentColor;
				CODE_SIGN_STYLE = Automatic;
				CURRENT_PROJECT_VERSION = 1;
				GENERATE_INFOPLIST_FILE = YES;
				INFOPLIST_FILE = cardGame/Info.plist;
				INFOPLIST_KEY_UIApplicationSupportsIndirectInputEvents = YES;
				INFOPLIST_KEY_UILaunchStoryboardName = LaunchScreen;
				INFOPLIST_KEY_UIMainStoryboardFile = Main;
				INFOPLIST_KEY_UISupportedInterfaceOrientations_iPad = "UIInterfaceOrientationPortrait UIInterfaceOrientationPortraitUpsideDown UIInterfaceOrientationLandscapeLeft UIInterfaceOrientationLandscapeRight";
				INFOPLIST_KEY_UISupportedInterfaceOrientations_iPhone = "UIInterfaceOrientationPortrait UIInterfaceOrientationLandscapeLeft UIInterfaceOrientationLandscapeRight";
				LD_RUNPATH_SEARCH_PATHS = (
					"$(inherited)",
					"@executable_path/Frameworks",
				);
				MARKETING_VERSION = 1.0;
				PRODUCT_BUNDLE_IDENTIFIER = hadar.cardGame;
				PRODUCT_NAME = "$(TARGET_NAME)";
				SWIFT_EMIT_LOC_STRINGS = YES;
				SWIFT_VERSION = 5.0;
				TARGETED_DEVICE_FAMILY = "1,2";
			};
			name = Debug;
		};
		85753B8D2C80A9BA00C924E0 /* Release */ = {
			isa = XCBuildConfiguration;
			buildSettings = {
				ASSETCATALOG_COMPILER_APPICON_NAME = AppIcon;
				ASSETCATALOG_COMPILER_GLOBAL_ACCENT_COLOR_NAME = AccentColor;
				CODE_SIGN_STYLE = Automatic;
				CURRENT_PROJECT_VERSION = 1;
				GENERATE_INFOPLIST_FILE = YES;
				INFOPLIST_FILE = cardGame/Info.plist;
				INFOPLIST_KEY_UIApplicationSupportsIndirectInputEvents = YES;
				INFOPLIST_KEY_UILaunchStoryboardName = LaunchScreen;
				INFOPLIST_KEY_UIMainStoryboardFile = Main;
				INFOPLIST_KEY_UISupportedInterfaceOrientations_iPad = "UIInterfaceOrientationPortrait UIInterfaceOrientationPortraitUpsideDown UIInterfaceOrientationLandscapeLeft UIInterfaceOrientationLandscapeRight";
				INFOPLIST_KEY_UISupportedInterfaceOrientations_iPhone = "UIInterfaceOrientationPortrait UIInterfaceOrientationLandscapeLeft UIInterfaceOrientationLandscapeRight";
				LD_RUNPATH_SEARCH_PATHS = (
					"$(inherited)",
					"@executable_path/Frameworks",
				);
				MARKETING_VERSION = 1.0;
				PRODUCT_BUNDLE_IDENTIFIER = hadar.cardGame;
				PRODUCT_NAME = "$(TARGET_NAME)";
				SWIFT_EMIT_LOC_STRINGS = YES;
				SWIFT_VERSION = 5.0;
				TARGETED_DEVICE_FAMILY = "1,2";
			};
			name = Release;
		};
/* End XCBuildConfiguration section */

/* Begin XCConfigurationList section */
		85753B722C80A9B600C924E0 /* Build configuration list for PBXProject "cardGame" */ = {
			isa = XCConfigurationList;
			buildConfigurations = (
				85753B892C80A9BA00C924E0 /* Debug */,
				85753B8A2C80A9BA00C924E0 /* Release */,
			);
			defaultConfigurationIsVisible = 0;
			defaultConfigurationName = Release;
		};
		85753B8B2C80A9BA00C924E0 /* Build configuration list for PBXNativeTarget "cardGame" */ = {
			isa = XCConfigurationList;
			buildConfigurations = (
				85753B8C2C80A9BA00C924E0 /* Debug */,
				85753B8D2C80A9BA00C924E0 /* Release */,
			);
			defaultConfigurationIsVisible = 0;
			defaultConfigurationName = Release;
		};
/* End XCConfigurationList section */

/* Begin XCRemoteSwiftPackageReference section */
		85753B9A2C80FEAF00C924E0 /* XCRemoteSwiftPackageReference "firebase-ios-sdk" */ = {
			isa = XCRemoteSwiftPackageReference;
			repositoryURL = "https://github.com/firebase/firebase-ios-sdk";
			requirement = {
				kind = upToNextMajorVersion;
				minimumVersion = 11.1.0;
			};
		};
/* End XCRemoteSwiftPackageReference section */

/* Begin XCSwiftPackageProductDependency section */
		85753B9B2C81068C00C924E0 /* FirebaseAnalytics */ = {
			isa = XCSwiftPackageProductDependency;
			productName = FirebaseAnalytics;
		};
		85753B9D2C81068C00C924E0 /* FirebaseAnalyticsOnDeviceConversion */ = {
			isa = XCSwiftPackageProductDependency;
			productName = FirebaseAnalyticsOnDeviceConversion;
		};
		85753B9F2C81068C00C924E0 /* FirebaseAnalyticsWithoutAdIdSupport */ = {
			isa = XCSwiftPackageProductDependency;
			productName = FirebaseAnalyticsWithoutAdIdSupport;
		};
		85753BA12C81068C00C924E0 /* FirebaseAppCheck */ = {
			isa = XCSwiftPackageProductDependency;
			productName = FirebaseAppCheck;
		};
		85753BA32C81068C00C924E0 /* FirebaseAppDistribution-Beta */ = {
			isa = XCSwiftPackageProductDependency;
			productName = "FirebaseAppDistribution-Beta";
		};
		85753BA52C81096500C924E0 /* FirebaseFirestore */ = {
			isa = XCSwiftPackageProductDependency;
			package = 85753B9A2C80FEAF00C924E0 /* XCRemoteSwiftPackageReference "firebase-ios-sdk" */;
			productName = FirebaseFirestore;
		};
/* End XCSwiftPackageProductDependency section */
	};
	rootObject = 85753B6F2C80A9B600C924E0 /* Project object */;
}
